<?xml version="1.0" encoding="UTF-8" standalone="yes" ?>
<CodeBlocks_project_file>
	<FileVersion major="1" minor="6" />
	<Project>
		<Option title="Explorer" />
		<Option pch_mode="2" />
		<Option compiler="mingw_x64_810_posix_sjlj" />
		<Build>
			<Target title="Debug x64">
				<Option output="out/Debug_64/Explorer" prefix_auto="1" extension_auto="1" />
				<Option object_output="obj/Debug_64/" />
				<Option type="1" />
				<Option compiler="mingw_x64_810_posix_sjlj" />
				<Compiler>
					<Add option="-g" />
				</Compiler>
			</Target>
			<Target title="Fast x64">
				<Option output="out/Fast_64/Explorer" prefix_auto="1" extension_auto="1" />
				<Option object_output="obj/Fast_64/" />
				<Option type="1" />
				<Option compiler="mingw_x64_810_posix_sjlj" />
				<Option use_console_runner="0" />
				<Compiler>
					<Add option="-O0" />
				</Compiler>
				<Linker>
					<Add option="-s" />
				</Linker>
			</Target>
			<Target title="Release x64">
				<Option output="dist64/Explorer" prefix_auto="1" extension_auto="1" />
				<Option object_output="obj/Release_64/" />
				<Option type="1" />
				<Option compiler="mingw_x64_810_posix_sjlj" />
				<Option use_console_runner="0" />
				<Compiler>
					<Add option="-O2" />
				</Compiler>
				<Linker>
					<Add option="-s" />
				</Linker>
			</Target>
		</Build>
		<Compiler>
			<Add option="-Wall" />
			<Add option="-fexceptions" />
			<Add directory="src" />
			<Add directory="ext" />
		</Compiler>
		<Linker>
			<Add library="opengl32" />
			<Add library="glfw3" />
			<Add library="glew32" />
			<Add library="lodepng64" />
			<Add library="ws2_32" />
			<Add directory="lib64" />
		</Linker>
		<Unit filename="ext/ilib/IO/Stream.cpp" />
		<Unit filename="ext/ilib/IO/Stream.h" />
		<Unit filename="ext/ilib/Math/mat4.h" />
		<Unit filename="ext/ilib/Math/maths.cpp" />
		<Unit filename="ext/ilib/Math/maths.h" />
		<Unit filename="ext/ilib/Math/noise.cpp" />
		<Unit filename="ext/ilib/Math/noise.h" />
		<Unit filename="ext/ilib/Math/prng.cpp" />
		<Unit filename="ext/ilib/Math/prng.h" />
		<Unit filename="ext/ilib/Math/vec2.h" />
		<Unit filename="ext/ilib/Math/vec3.h" />
		<Unit filename="ext/ilib/Math/vec4.h" />
		<Unit filename="ext/ilib/Net/ASocket.cpp" />
		<Unit filename="ext/ilib/Net/ASocket.h" />
		<Unit filename="ext/ilib/Net/BufferedSocket.cpp" />
		<Unit filename="ext/ilib/Net/BufferedSocket.h" />
		<Unit filename="ext/ilib/Net/Networking.cpp" />
		<Unit filename="ext/ilib/Net/Networking.h" />
		<Unit filename="ext/ilib/Net/Socket.cpp" />
		<Unit filename="ext/ilib/Net/Socket.h" />
		<Unit filename="ext/ilib/Net/SocketException.cpp" />
		<Unit filename="ext/ilib/Net/SocketException.h" />
		<Unit filename="ext/ilib/Net/TcpServer.cpp" />
		<Unit filename="ext/ilib/Net/TcpServer.h" />
		<Unit filename="ext/ilib/mem.h" />
		<Unit filename="ext/ilib/types.h" />
		<Unit filename="src/Exception.h" />
		<Unit filename="src/Explorer/Camera.cpp" />
		<Unit filename="src/Explorer/Camera.h" />
		<Unit filename="src/Explorer/Explorer.cpp" />
		<Unit filename="src/Explorer/Explorer.h" />
		<Unit filename="src/Explorer/Game.cpp" />
		<Unit filename="src/Explorer/Game.h" />
		<Unit filename="src/Explorer/Input.h" />
		<Unit filename="src/Explorer/Window.cpp" />
		<Unit filename="src/Explorer/Window.h" />
		<Unit filename="src/GUI/Component.cpp" />
		<Unit filename="src/GUI/Component.h" />
		<Unit filename="src/GUI/Components/Button.cpp" />
		<Unit filename="src/GUI/Components/Button.h" />
		<Unit filename="src/GUI/Components/GridPane.cpp" />
		<Unit filename="src/GUI/Components/GridPane.h" />
		<Unit filename="src/GUI/Components/Label.cpp" />
		<Unit filename="src/GUI/Components/Label.h" />
		<Unit filename="src/GUI/Components/SplitPane.cpp" />
		<Unit filename="src/GUI/Components/SplitPane.h" />
		<Unit filename="src/GUI/Components/StackPane.cpp" />
		<Unit filename="src/GUI/Components/StackPane.h" />
		<Unit filename="src/GUI/Components/TextField.cpp" />
		<Unit filename="src/GUI/Components/TextField.h" />
		<Unit filename="src/GUI/Event/ActionEvent.h" />
		<Unit filename="src/GUI/Event/KeyEvent.cpp" />
		<Unit filename="src/GUI/Event/KeyEvent.h" />
		<Unit filename="src/GUI/Event/MouseButtonEvent.h" />
		<Unit filename="src/GUI/Event/MouseMotionEvent.h" />
		<Unit filename="src/GUI/GUI.cpp" />
		<Unit filename="src/GUI/GUI.h" />
		<Unit filename="src/GUI/Sprite.cpp" />
		<Unit filename="src/GUI/Sprite.h" />
		<Unit filename="src/GUI/Text.cpp" />
		<Unit filename="src/GUI/Text.h" />
		<Unit filename="src/Game/Block.cpp" />
		<Unit filename="src/Game/Block.h" />
		<Unit filename="src/Game/BlockInfo.cpp" />
		<Unit filename="src/Game/BlockInfo.h" />
		<Unit filename="src/Game/Chunk.cpp" />
		<Unit filename="src/Game/Chunk.h" />
		<Unit filename="src/Game/Entity.cpp" />
		<Unit filename="src/Game/Entity.h" />
		<Unit filename="src/Game/Instance.cpp" />
		<Unit filename="src/Game/Instance.h" />
		<Unit filename="src/Game/Planet.cpp" />
		<Unit filename="src/Game/Planet.h" />
		<Unit filename="src/Game/Player.cpp" />
		<Unit filename="src/Game/Player.h" />
		<Unit filename="src/Game/Universe.cpp" />
		<Unit filename="src/Game/Universe.h" />
		<Unit filename="src/Net/Packet.cpp" />
		<Unit filename="src/Net/Packet.h" />
		<Unit filename="src/Render/Color.cpp" />
		<Unit filename="src/Render/Color.h" />
		<Unit filename="src/Render/Font.cpp" />
		<Unit filename="src/Render/Font.h" />
		<Unit filename="src/Render/GL.cpp" />
		<Unit filename="src/Render/GL.h" />
		<Unit filename="src/Render/GLContext.cpp" />
		<Unit filename="src/Render/GLContext.h" />
		<Unit filename="src/Render/Geometry.cpp" />
		<Unit filename="src/Render/Geometry.h" />
		<Unit filename="src/Render/Image.cpp" />
		<Unit filename="src/Render/Image.h" />
		<Unit filename="src/Render/Renderer.cpp" />
		<Unit filename="src/Render/Renderer.h" />
		<Unit filename="src/Render/Renderer.hpp" />
		<Unit filename="src/Render/Shader.cpp" />
		<Unit filename="src/Render/Shader.h" />
		<Unit filename="src/Render/Texture.cpp" />
		<Unit filename="src/Render/Texture.h" />
		<Unit filename="src/Render/TextureAtlas.cpp" />
		<Unit filename="src/Render/TextureAtlas.h" />
		<Extensions />
	</Project>
</CodeBlocks_project_file>
