<?xml version="1.0" encoding="UTF-8" standalone="yes" ?>
<CodeBlocks_project_file>
	<FileVersion major="1" minor="6" />
	<Project>
		<Option title="ExplorerServer" />
		<Option pch_mode="2" />
		<Option compiler="mingw_x64_810_posix_sjlj" />
		<Build>
			<Target title="Debug x64">
				<Option output="build_cache/out/Server_Debug_64/ExplorerServer" prefix_auto="1" extension_auto="1" />
				<Option object_output="build_cache/obj/Server_Debug_64/" />
				<Option type="1" />
				<Option compiler="mingw_x64_810_posix_sjlj" />
				<Compiler>
					<Add option="-g" />
				</Compiler>
			</Target>
			<Target title="Fast x64">
				<Option output="build_cache/out/Server_Fast_64/ExplorerServer" prefix_auto="1" extension_auto="1" />
				<Option object_output="build_cache/obj/Server_Fast_64/" />
				<Option type="1" />
				<Option compiler="mingw_x64_810_posix_sjlj" />
				<Compiler>
					<Add option="-O0" />
				</Compiler>
			</Target>
			<Target title="Release x64">
				<Option output="server64/ExplorerServer" prefix_auto="1" extension_auto="1" />
				<Option object_output="build_cache/obj/Server_Release_64/" />
				<Option type="1" />
				<Option compiler="mingw_x64_810_posix_sjlj" />
				<Compiler>
					<Add option="-O2" />
				</Compiler>
				<Linker>
					<Add option="-s" />
				</Linker>
			</Target>
		</Build>
		<Compiler>
			<Add option="-Wall" />
			<Add option="-fexceptions" />
			<Add option="-std=c++14" />
			<Add option="-DEXPLORER_SERVER" />
			<Add directory="../ext" />
			<Add directory="../src" />
		</Compiler>
		<Linker>
			<Add library="ws2_32" />
		</Linker>
		<Unit filename="../ext/ilib/IO/Stream.cpp" />
		<Unit filename="../ext/ilib/IO/Stream.h" />
		<Unit filename="../ext/ilib/Math/mat4.h" />
		<Unit filename="../ext/ilib/Math/maths.cpp" />
		<Unit filename="../ext/ilib/Math/maths.h" />
		<Unit filename="../ext/ilib/Math/noise.cpp" />
		<Unit filename="../ext/ilib/Math/noise.h" />
		<Unit filename="../ext/ilib/Math/prng.cpp" />
		<Unit filename="../ext/ilib/Math/prng.h" />
		<Unit filename="../ext/ilib/Math/vec2.h" />
		<Unit filename="../ext/ilib/Math/vec3.h" />
		<Unit filename="../ext/ilib/Math/vec4.h" />
		<Unit filename="../ext/ilib/Net/ASocket.cpp" />
		<Unit filename="../ext/ilib/Net/ASocket.h" />
		<Unit filename="../ext/ilib/Net/BufferedSocket.cpp" />
		<Unit filename="../ext/ilib/Net/BufferedSocket.h" />
		<Unit filename="../ext/ilib/Net/Networking.cpp" />
		<Unit filename="../ext/ilib/Net/Networking.h" />
		<Unit filename="../ext/ilib/Net/Socket.cpp" />
		<Unit filename="../ext/ilib/Net/Socket.h" />
		<Unit filename="../ext/ilib/Net/SocketException.cpp" />
		<Unit filename="../ext/ilib/Net/SocketException.h" />
		<Unit filename="../ext/ilib/Net/TcpServer.cpp" />
		<Unit filename="../ext/ilib/Net/TcpServer.h" />
		<Unit filename="../ext/ilib/itime.h" />
		<Unit filename="../ext/ilib/logging.cpp" />
		<Unit filename="../ext/ilib/logging.h" />
		<Unit filename="../ext/ilib/mem.h" />
		<Unit filename="../ext/ilib/obs_map.h" />
		<Unit filename="../ext/ilib/obs_unordered_map.h" />
		<Unit filename="../ext/ilib/thread.cpp" />
		<Unit filename="../ext/ilib/thread.h" />
		<Unit filename="../ext/ilib/types.h" />
		<Unit filename="../ext/lodepng.h" />
		<Unit filename="../src/Exception.h" />
		<Unit filename="../src/Game/Block.cpp" />
		<Unit filename="../src/Game/Block.h" />
		<Unit filename="../src/Game/BlockInfo.cpp" />
		<Unit filename="../src/Game/BlockInfo.h" />
		<Unit filename="../src/Game/Chunk.cpp" />
		<Unit filename="../src/Game/Chunk.h" />
		<Unit filename="../src/Game/Entity.cpp" />
		<Unit filename="../src/Game/Entity.h" />
		<Unit filename="../src/Game/Event.cpp" />
		<Unit filename="../src/Game/Event.h" />
		<Unit filename="../src/Game/Instance.cpp" />
		<Unit filename="../src/Game/Instance.h" />
		<Unit filename="../src/Game/Planet.cpp" />
		<Unit filename="../src/Game/Planet.h" />
		<Unit filename="../src/Game/Player.cpp" />
		<Unit filename="../src/Game/Player.h" />
		<Unit filename="../src/Game/TextLog.cpp" />
		<Unit filename="../src/Game/TextLog.h" />
		<Unit filename="../src/Game/Universe.cpp" />
		<Unit filename="../src/Game/Universe.h" />
		<Unit filename="../src/Net/Packet.cpp" />
		<Unit filename="../src/Net/Packet.h" />
		<Unit filename="../src/Net/PacketCodes.h" />
		<Unit filename="../src/Server/Server.cpp" />
		<Unit filename="../src/Server/Server.h" />
		<Extensions />
	</Project>
</CodeBlocks_project_file>
